// !$*UTF8*$!
{
	archiveVersion = 1;
	classes = {
	};
	objectVersion = 56;
	objects = {

/* Begin PBXBuildFile section */
		E096E7E62B05E08200794D0B /* OscarApp.swift in Sources */ = {isa = PBXBuildFile; fileRef = E096E7E52B05E08200794D0B /* OscarApp.swift */; };
		E096E7E82B05E08200794D0B /* ContentView.swift in Sources */ = {isa = PBXBuildFile; fileRef = E096E7E72B05E08200794D0B /* ContentView.swift */; };
		E096E7EA2B05E08400794D0B /* Assets.xcassets in Resources */ = {isa = PBXBuildFile; fileRef = E096E7E92B05E08400794D0B /* Assets.xcassets */; };
		E096E7ED2B05E08400794D0B /* Preview Assets.xcassets in Resources */ = {isa = PBXBuildFile; fileRef = E096E7EC2B05E08400794D0B /* Preview Assets.xcassets */; };
		E096E7F52B05E18A00794D0B /* Cat_IDLE.usdz in Resources */ = {isa = PBXBuildFile; fileRef = E096E7F42B05E18A00794D0B /* Cat_IDLE.usdz */; };
		E096E7F72B05E1DB00794D0B /* Model3DData.swift in Sources */ = {isa = PBXBuildFile; fileRef = E096E7F62B05E1DB00794D0B /* Model3DData.swift */; };
		E096E7F92B05E89A00794D0B /* TopLayer_UI_View.swift in Sources */ = {isa = PBXBuildFile; fileRef = E096E7F82B05E89A00794D0B /* TopLayer_UI_View.swift */; };
		E096E7FB2B05F50200794D0B /* MidLayer_3d_View.swift in Sources */ = {isa = PBXBuildFile; fileRef = E096E7FA2B05F50200794D0B /* MidLayer_3d_View.swift */; };
		E096E7FD2B05FC8000794D0B /* Cat_EAT.usdz in Resources */ = {isa = PBXBuildFile; fileRef = E096E7FC2B05FC8000794D0B /* Cat_EAT.usdz */; };
		E096E7FF2B05FC8A00794D0B /* Cat_LAUGHT.usdz in Resources */ = {isa = PBXBuildFile; fileRef = E096E7FE2B05FC8A00794D0B /* Cat_LAUGHT.usdz */; };
		E096E8012B05FC8F00794D0B /* Cat_TALK.usdz in Resources */ = {isa = PBXBuildFile; fileRef = E096E8002B05FC8F00794D0B /* Cat_TALK.usdz */; };
		E096E8032B05FC9500794D0B /* Cat_SLEEP.usdz in Resources */ = {isa = PBXBuildFile; fileRef = E096E8022B05FC9500794D0B /* Cat_SLEEP.usdz */; };
		E096E8052B06067D00794D0B /* ENVOBJECT.swift in Sources */ = {isa = PBXBuildFile; fileRef = E096E8042B06067D00794D0B /* ENVOBJECT.swift */; };
		E09942DD2B0724E300DE91C4 /* HelperUI.swift in Sources */ = {isa = PBXBuildFile; fileRef = E09942DC2B0724E300DE91C4 /* HelperUI.swift */; };
/* End PBXBuildFile section */

/* Begin PBXFileReference section */
		E096E7E22B05E08200794D0B /* Oscar.app */ = {isa = PBXFileReference; explicitFileType = wrapper.application; includeInIndex = 0; path = Oscar.app; sourceTree = BUILT_PRODUCTS_DIR; };
		E096E7E52B05E08200794D0B /* OscarApp.swift */ = {isa = PBXFileReference; lastKnownFileType = sourcecode.swift; path = OscarApp.swift; sourceTree = "<group>"; };
		E096E7E72B05E08200794D0B /* ContentView.swift */ = {isa = PBXFileReference; lastKnownFileType = sourcecode.swift; path = ContentView.swift; sourceTree = "<group>"; };
		E096E7E92B05E08400794D0B /* Assets.xcassets */ = {isa = PBXFileReference; lastKnownFileType = folder.assetcatalog; path = Assets.xcassets; sourceTree = "<group>"; };
		E096E7EC2B05E08400794D0B /* Preview Assets.xcassets */ = {isa = PBXFileReference; lastKnownFileType = folder.assetcatalog; path = "Preview Assets.xcassets"; sourceTree = "<group>"; };
		E096E7F42B05E18A00794D0B /* Cat_IDLE.usdz */ = {isa = PBXFileReference; lastKnownFileType = file.usdz; path = Cat_IDLE.usdz; sourceTree = "<group>"; };
		E096E7F62B05E1DB00794D0B /* Model3DData.swift */ = {isa = PBXFileReference; lastKnownFileType = sourcecode.swift; path = Model3DData.swift; sourceTree = "<group>"; };
		E096E7F82B05E89A00794D0B /* TopLayer_UI_View.swift */ = {isa = PBXFileReference; lastKnownFileType = sourcecode.swift; path = TopLayer_UI_View.swift; sourceTree = "<group>"; };
		E096E7FA2B05F50200794D0B /* MidLayer_3d_View.swift */ = {isa = PBXFileReference; lastKnownFileType = sourcecode.swift; path = MidLayer_3d_View.swift; sourceTree = "<group>"; };
		E096E7FC2B05FC8000794D0B /* Cat_EAT.usdz */ = {isa = PBXFileReference; lastKnownFileType = file.usdz; path = Cat_EAT.usdz; sourceTree = "<group>"; };
		E096E7FE2B05FC8A00794D0B /* Cat_LAUGHT.usdz */ = {isa = PBXFileReference; lastKnownFileType = file.usdz; path = Cat_LAUGHT.usdz; sourceTree = "<group>"; };
		E096E8002B05FC8F00794D0B /* Cat_TALK.usdz */ = {isa = PBXFileReference; lastKnownFileType = file.usdz; path = Cat_TALK.usdz; sourceTree = "<group>"; };
		E096E8022B05FC9500794D0B /* Cat_SLEEP.usdz */ = {isa = PBXFileReference; lastKnownFileType = file.usdz; path = Cat_SLEEP.usdz; sourceTree = "<group>"; };
		E096E8042B06067D00794D0B /* ENVOBJECT.swift */ = {isa = PBXFileReference; lastKnownFileType = sourcecode.swift; path = ENVOBJECT.swift; sourceTree = "<group>"; };
		E09942DC2B0724E300DE91C4 /* HelperUI.swift */ = {isa = PBXFileReference; lastKnownFileType = sourcecode.swift; path = HelperUI.swift; sourceTree = "<group>"; };
/* End PBXFileReference section */

/* Begin PBXFrameworksBuildPhase section */
		E096E7DF2B05E08200794D0B /* Frameworks */ = {
			isa = PBXFrameworksBuildPhase;
			buildActionMask = 2147483647;
			files = (
			);
			runOnlyForDeploymentPostprocessing = 0;
		};
/* End PBXFrameworksBuildPhase section */

/* Begin PBXGroup section */
		E096E7D92B05E08200794D0B = {
			isa = PBXGroup;
			children = (
				E096E7E42B05E08200794D0B /* Oscar */,
				E096E7E32B05E08200794D0B /* Products */,
			);
			sourceTree = "<group>";
		};
		E096E7E32B05E08200794D0B /* Products */ = {
			isa = PBXGroup;
			children = (
				E096E7E22B05E08200794D0B /* Oscar.app */,
			);
			name = Products;
			sourceTree = "<group>";
		};
		E096E7E42B05E08200794D0B /* Oscar */ = {
			isa = PBXGroup;
			children = (
				E09942DA2B0716D100DE91C4 /* Pac3 */,
				E09942D92B0716C200DE91C4 /* Pac2 */,
				E09942D82B0716B600DE91C4 /* Pac1 */,
				E096E8042B06067D00794D0B /* ENVOBJECT.swift */,
				E096E7E52B05E08200794D0B /* OscarApp.swift */,
				E096E7E72B05E08200794D0B /* ContentView.swift */,
				E096E7E92B05E08400794D0B /* Assets.xcassets */,
				E096E7EB2B05E08400794D0B /* Preview Content */,
			);
			path = Oscar;
			sourceTree = "<group>";
		};
		E096E7EB2B05E08400794D0B /* Preview Content */ = {
			isa = PBXGroup;
			children = (
				E096E7EC2B05E08400794D0B /* Preview Assets.xcassets */,
			);
			path = "Preview Content";
			sourceTree = "<group>";
		};
		E096E7F32B05E15100794D0B /* Models3DFiles */ = {
			isa = PBXGroup;
			children = (
				E096E7F62B05E1DB00794D0B /* Model3DData.swift */,
				E096E7FE2B05FC8A00794D0B /* Cat_LAUGHT.usdz */,
				E096E8022B05FC9500794D0B /* Cat_SLEEP.usdz */,
				E096E8002B05FC8F00794D0B /* Cat_TALK.usdz */,
				E096E7FC2B05FC8000794D0B /* Cat_EAT.usdz */,
				E096E7F42B05E18A00794D0B /* Cat_IDLE.usdz */,
			);
			path = Models3DFiles;
			sourceTree = "<group>";
		};
		E09942D82B0716B600DE91C4 /* Pac1 */ = {
			isa = PBXGroup;
			children = (
				E096E7FA2B05F50200794D0B /* MidLayer_3d_View.swift */,
			);
			path = Pac1;
			sourceTree = "<group>";
		};
		E09942D92B0716C200DE91C4 /* Pac2 */ = {
			isa = PBXGroup;
			children = (
				E09942DB2B0724C600DE91C4 /* HelperUI */,
				E096E7F82B05E89A00794D0B /* TopLayer_UI_View.swift */,
			);
			path = Pac2;
			sourceTree = "<group>";
		};
		E09942DA2B0716D100DE91C4 /* Pac3 */ = {
			isa = PBXGroup;
			children = (
				E096E7F32B05E15100794D0B /* Models3DFiles */,
			);
			path = Pac3;
			sourceTree = "<group>";
		};
		E09942DB2B0724C600DE91C4 /* HelperUI */ = {
			isa = PBXGroup;
			children = (
				E09942DC2B0724E300DE91C4 /* HelperUI.swift */,
			);
			path = HelperUI;
			sourceTree = "<group>";
		};
/* End PBXGroup section */

/* Begin PBXNativeTarget section */
		E096E7E12B05E08200794D0B /* Oscar */ = {
			isa = PBXNativeTarget;
			buildConfigurationList = E096E7F02B05E08400794D0B /* Build configuration list for PBXNativeTarget "Oscar" */;
			buildPhases = (
				E096E7DE2B05E08200794D0B /* Sources */,
				E096E7DF2B05E08200794D0B /* Frameworks */,
				E096E7E02B05E08200794D0B /* Resources */,
			);
			buildRules = (
			);
			dependencies = (
			);
			name = Oscar;
			productName = Oscar;
			productReference = E096E7E22B05E08200794D0B /* Oscar.app */;
			productType = "com.apple.product-type.application";
		};
/* End PBXNativeTarget section */

/* Begin PBXProject section */
		E096E7DA2B05E08200794D0B /* Project object */ = {
			isa = PBXProject;
			attributes = {
				BuildIndependentTargetsInParallel = 1;
				LastSwiftUpdateCheck = 1420;
				LastUpgradeCheck = 1420;
				TargetAttributes = {
					E096E7E12B05E08200794D0B = {
						CreatedOnToolsVersion = 14.2;
					};
				};
			};
			buildConfigurationList = E096E7DD2B05E08200794D0B /* Build configuration list for PBXProject "Oscar" */;
			compatibilityVersion = "Xcode 14.0";
			developmentRegion = en;
			hasScannedForEncodings = 0;
			knownRegions = (
				en,
				Base,
			);
			mainGroup = E096E7D92B05E08200794D0B;
			productRefGroup = E096E7E32B05E08200794D0B /* Products */;
			projectDirPath = "";
			projectRoot = "";
			targets = (
				E096E7E12B05E08200794D0B /* Oscar */,
			);
		};
/* End PBXProject section */

/* Begin PBXResourcesBuildPhase section */
		E096E7E02B05E08200794D0B /* Resources */ = {
			isa = PBXResourcesBuildPhase;
			buildActionMask = 2147483647;
			files = (
				E096E8032B05FC9500794D0B /* Cat_SLEEP.usdz in Resources */,
				E096E7ED2B05E08400794D0B /* Preview Assets.xcassets in Resources */,
				E096E8012B05FC8F00794D0B /* Cat_TALK.usdz in Resources */,
				E096E7F52B05E18A00794D0B /* Cat_IDLE.usdz in Resources */,
				E096E7FD2B05FC8000794D0B /* Cat_EAT.usdz in Resources */,
				E096E7EA2B05E08400794D0B /* Assets.xcassets in Resources */,
				E096E7FF2B05FC8A00794D0B /* Cat_LAUGHT.usdz in Resources */,
			);
			runOnlyForDeploymentPostprocessing = 0;
		};
/* End PBXResourcesBuildPhase section */

/* Begin PBXSourcesBuildPhase section */
		E096E7DE2B05E08200794D0B /* Sources */ = {
			isa = PBXSourcesBuildPhase;
			buildActionMask = 2147483647;
			files = (
				E096E7F92B05E89A00794D0B /* TopLayer_UI_View.swift in Sources */,
				E096E8052B06067D00794D0B /* ENVOBJECT.swift in Sources */,
				E096E7E82B05E08200794D0B /* ContentView.swift in Sources */,
				E09942DD2B0724E300DE91C4 /* HelperUI.swift in Sources */,
				E096E7E62B05E08200794D0B /* OscarApp.swift in Sources */,
				E096E7F72B05E1DB00794D0B /* Model3DData.swift in Sources */,
				E096E7FB2B05F50200794D0B /* MidLayer_3d_View.swift in Sources */,
			);
			runOnlyForDeploymentPostprocessing = 0;
		};
/* End PBXSourcesBuildPhase section */

/* Begin XCBuildConfiguration section */
		E096E7EE2B05E08400794D0B /* Debug */ = {
			isa = XCBuildConfiguration;
			buildSettings = {
				ALWAYS_SEARCH_USER_PATHS = NO;
				CLANG_ANALYZER_NONNULL = YES;
				CLANG_ANALYZER_NUMBER_OBJECT_CONVERSION = YES_AGGRESSIVE;
				CLANG_CXX_LANGUAGE_STANDARD = "gnu++20";
				CLANG_ENABLE_MODULES = YES;
				CLANG_ENABLE_OBJC_ARC = YES;
				CLANG_ENABLE_OBJC_WEAK = YES;
				CLANG_WARN_BLOCK_CAPTURE_AUTORELEASING = YES;
				CLANG_WARN_BOOL_CONVERSION = YES;
				CLANG_WARN_COMMA = YES;
				CLANG_WARN_CONSTANT_CONVERSION = YES;
				CLANG_WARN_DEPRECATED_OBJC_IMPLEMENTATIONS = YES;
				CLANG_WARN_DIRECT_OBJC_ISA_USAGE = YES_ERROR;
				CLANG_WARN_DOCUMENTATION_COMMENTS = YES;
				CLANG_WARN_EMPTY_BODY = YES;
				CLANG_WARN_ENUM_CONVERSION = YES;
				CLANG_WARN_INFINITE_RECURSION = YES;
				CLANG_WARN_INT_CONVERSION = YES;
				CLANG_WARN_NON_LITERAL_NULL_CONVERSION = YES;
				CLANG_WARN_OBJC_IMPLICIT_RETAIN_SELF = YES;
				CLANG_WARN_OBJC_LITERAL_CONVERSION = YES;
				CLANG_WARN_OBJC_ROOT_CLASS = YES_ERROR;
				CLANG_WARN_QUOTED_INCLUDE_IN_FRAMEWORK_HEADER = YES;
				CLANG_WARN_RANGE_LOOP_ANALYSIS = YES;
				CLANG_WARN_STRICT_PROTOTYPES = YES;
				CLANG_WARN_SUSPICIOUS_MOVE = YES;
				CLANG_WARN_UNGUARDED_AVAILABILITY = YES_AGGRESSIVE;
				CLANG_WARN_UNREACHABLE_CODE = YES;
				CLANG_WARN__DUPLICATE_METHOD_MATCH = YES;
				COPY_PHASE_STRIP = NO;
				DEBUG_INFORMATION_FORMAT = dwarf;
				ENABLE_STRICT_OBJC_MSGSEND = YES;
				ENABLE_TESTABILITY = YES;
				GCC_C_LANGUAGE_STANDARD = gnu11;
				GCC_DYNAMIC_NO_PIC = NO;
				GCC_NO_COMMON_BLOCKS = YES;
				GCC_OPTIMIZATION_LEVEL = 0;
				GCC_PREPROCESSOR_DEFINITIONS = (
					"DEBUG=1",
					"$(inherited)",
				);
				GCC_WARN_64_TO_32_BIT_CONVERSION = YES;
				GCC_WARN_ABOUT_RETURN_TYPE = YES_ERROR;
				GCC_WARN_UNDECLARED_SELECTOR = YES;
				GCC_WARN_UNINITIALIZED_AUTOS = YES_AGGRESSIVE;
				GCC_WARN_UNUSED_FUNCTION = YES;
				GCC_WARN_UNUSED_VARIABLE = YES;
				IPHONEOS_DEPLOYMENT_TARGET = 16.2;
				MTL_ENABLE_DEBUG_INFO = INCLUDE_SOURCE;
				MTL_FAST_MATH = YES;
				ONLY_ACTIVE_ARCH = YES;
				SDKROOT = iphoneos;
				SWIFT_ACTIVE_COMPILATION_CONDITIONS = DEBUG;
				SWIFT_OPTIMIZATION_LEVEL = "-Onone";
			};
			name = Debug;
		};
		E096E7EF2B05E08400794D0B /* Release */ = {
			isa = XCBuildConfiguration;
			buildSettings = {
				ALWAYS_SEARCH_USER_PATHS = NO;
				CLANG_ANALYZER_NONNULL = YES;
				CLANG_ANALYZER_NUMBER_OBJECT_CONVERSION = YES_AGGRESSIVE;
				CLANG_CXX_LANGUAGE_STANDARD = "gnu++20";
				CLANG_ENABLE_MODULES = YES;
				CLANG_ENABLE_OBJC_ARC = YES;
				CLANG_ENABLE_OBJC_WEAK = YES;
				CLANG_WARN_BLOCK_CAPTURE_AUTORELEASING = YES;
				CLANG_WARN_BOOL_CONVERSION = YES;
				CLANG_WARN_COMMA = YES;
				CLANG_WARN_CONSTANT_CONVERSION = YES;
				CLANG_WARN_DEPRECATED_OBJC_IMPLEMENTATIONS = YES;
				CLANG_WARN_DIRECT_OBJC_ISA_USAGE = YES_ERROR;
				CLANG_WARN_DOCUMENTATION_COMMENTS = YES;
				CLANG_WARN_EMPTY_BODY = YES;
				CLANG_WARN_ENUM_CONVERSION = YES;
				CLANG_WARN_INFINITE_RECURSION = YES;
				CLANG_WARN_INT_CONVERSION = YES;
				CLANG_WARN_NON_LITERAL_NULL_CONVERSION = YES;
				CLANG_WARN_OBJC_IMPLICIT_RETAIN_SELF = YES;
				CLANG_WARN_OBJC_LITERAL_CONVERSION = YES;
				CLANG_WARN_OBJC_ROOT_CLASS = YES_ERROR;
				CLANG_WARN_QUOTED_INCLUDE_IN_FRAMEWORK_HEADER = YES;
				CLANG_WARN_RANGE_LOOP_ANALYSIS = YES;
				CLANG_WARN_STRICT_PROTOTYPES = YES;
				CLANG_WARN_SUSPICIOUS_MOVE = YES;
				CLANG_WARN_UNGUARDED_AVAILABILITY = YES_AGGRESSIVE;
				CLANG_WARN_UNREACHABLE_CODE = YES;
				CLANG_WARN__DUPLICATE_METHOD_MATCH = YES;
				COPY_PHASE_STRIP = NO;
				DEBUG_INFORMATION_FORMAT = "dwarf-with-dsym";
				ENABLE_NS_ASSERTIONS = NO;
				ENABLE_STRICT_OBJC_MSGSEND = YES;
				GCC_C_LANGUAGE_STANDARD = gnu11;
				GCC_NO_COMMON_BLOCKS = YES;
				GCC_WARN_64_TO_32_BIT_CONVERSION = YES;
				GCC_WARN_ABOUT_RETURN_TYPE = YES_ERROR;
				GCC_WARN_UNDECLARED_SELECTOR = YES;
				GCC_WARN_UNINITIALIZED_AUTOS = YES_AGGRESSIVE;
				GCC_WARN_UNUSED_FUNCTION = YES;
				GCC_WARN_UNUSED_VARIABLE = YES;
				IPHONEOS_DEPLOYMENT_TARGET = 16.2;
				MTL_ENABLE_DEBUG_INFO = NO;
				MTL_FAST_MATH = YES;
				SDKROOT = iphoneos;
				SWIFT_COMPILATION_MODE = wholemodule;
				SWIFT_OPTIMIZATION_LEVEL = "-O";
				VALIDATE_PRODUCT = YES;
			};
			name = Release;
		};
		E096E7F12B05E08400794D0B /* Debug */ = {
			isa = XCBuildConfiguration;
			buildSettings = {
				ASSETCATALOG_COMPILER_APPICON_NAME = AppIcon;
				ASSETCATALOG_COMPILER_GLOBAL_ACCENT_COLOR_NAME = AccentColor;
				CODE_SIGN_STYLE = Automatic;
				CURRENT_PROJECT_VERSION = 1;
				DEVELOPMENT_ASSET_PATHS = "\"Oscar/Preview Content\"";
				DEVELOPMENT_TEAM = 2SG8TQJQR9;
				ENABLE_PREVIEWS = YES;
				GENERATE_INFOPLIST_FILE = YES;
				INFOPLIST_KEY_UIApplicationSceneManifest_Generation = YES;
				INFOPLIST_KEY_UIApplicationSupportsIndirectInputEvents = YES;
				INFOPLIST_KEY_UILaunchScreen_Generation = YES;
				INFOPLIST_KEY_UISupportedInterfaceOrientations_iPad = "UIInterfaceOrientationPortrait UIInterfaceOrientationPortraitUpsideDown UIInterfaceOrientationLandscapeLeft UIInterfaceOrientationLandscapeRight";
				INFOPLIST_KEY_UISupportedInterfaceOrientations_iPhone = "UIInterfaceOrientationPortrait UIInterfaceOrientationLandscapeLeft UIInterfaceOrientationLandscapeRight";
				IPHONEOS_DEPLOYMENT_TARGET = 16.0;
				LD_RUNPATH_SEARCH_PATHS = (
					"$(inherited)",
					"@executable_path/Frameworks",
				);
				MARKETING_VERSION = 1.0;
				PRODUCT_BUNDLE_IDENTIFIER = LuongThuanChung.Oscar;
				PRODUCT_NAME = "$(TARGET_NAME)";
				SUPPORTED_PLATFORMS = "iphoneos iphonesimulator";
				SUPPORTS_MACCATALYST = NO;
				SUPPORTS_MAC_DESIGNED_FOR_IPHONE_IPAD = NO;
				SWIFT_EMIT_LOC_STRINGS = YES;
				SWIFT_VERSION = 5.0;
				TARGETED_DEVICE_FAMILY = "1,2";
			};
			name = Debug;
		};
		E096E7F22B05E08400794D0B /* Release */ = {
			isa = XCBuildConfiguration;
			buildSettings = {
				ASSETCATALOG_COMPILER_APPICON_NAME = AppIcon;
				ASSETCATALOG_COMPILER_GLOBAL_ACCENT_COLOR_NAME = AccentColor;
				CODE_SIGN_STYLE = Automatic;
				CURRENT_PROJECT_VERSION = 1;
				DEVELOPMENT_ASSET_PATHS = "\"Oscar/Preview Content\"";
				DEVELOPMENT_TEAM = 2SG8TQJQR9;
				ENABLE_PREVIEWS = YES;
				GENERATE_INFOPLIST_FILE = YES;
				INFOPLIST_KEY_UIApplicationSceneManifest_Generation = YES;
				INFOPLIST_KEY_UIApplicationSupportsIndirectInputEvents = YES;
				INFOPLIST_KEY_UILaunchScreen_Generation = YES;
				INFOPLIST_KEY_UISupportedInterfaceOrientations_iPad = "UIInterfaceOrientationPortrait UIInterfaceOrientationPortraitUpsideDown UIInterfaceOrientationLandscapeLeft UIInterfaceOrientationLandscapeRight";
				INFOPLIST_KEY_UISupportedInterfaceOrientations_iPhone = "UIInterfaceOrientationPortrait UIInterfaceOrientationLandscapeLeft UIInterfaceOrientationLandscapeRight";
				IPHONEOS_DEPLOYMENT_TARGET = 16.0;
				LD_RUNPATH_SEARCH_PATHS = (
					"$(inherited)",
					"@executable_path/Frameworks",
				);
				MARKETING_VERSION = 1.0;
				PRODUCT_BUNDLE_IDENTIFIER = LuongThuanChung.Oscar;
				PRODUCT_NAME = "$(TARGET_NAME)";
				SUPPORTED_PLATFORMS = "iphoneos iphonesimulator";
				SUPPORTS_MACCATALYST = NO;
				SUPPORTS_MAC_DESIGNED_FOR_IPHONE_IPAD = NO;
				SWIFT_EMIT_LOC_STRINGS = YES;
				SWIFT_VERSION = 5.0;
				TARGETED_DEVICE_FAMILY = "1,2";
			};
			name = Release;
		};
/* End XCBuildConfiguration section */

/* Begin XCConfigurationList section */
		E096E7DD2B05E08200794D0B /* Build configuration list for PBXProject "Oscar" */ = {
			isa = XCConfigurationList;
			buildConfigurations = (
				E096E7EE2B05E08400794D0B /* Debug */,
				E096E7EF2B05E08400794D0B /* Release */,
			);
			defaultConfigurationIsVisible = 0;
			defaultConfigurationName = Release;
		};
		E096E7F02B05E08400794D0B /* Build configuration list for PBXNativeTarget "Oscar" */ = {
			isa = XCConfigurationList;
			buildConfigurations = (
				E096E7F12B05E08400794D0B /* Debug */,
				E096E7F22B05E08400794D0B /* Release */,
			);
			defaultConfigurationIsVisible = 0;
			defaultConfigurationName = Release;
		};
/* End XCConfigurationList section */
	};
	rootObject = E096E7DA2B05E08200794D0B /* Project object */;
}
